# THIS IS AN AUTOGENERATED FILE. DO NOT EDIT THIS FILE DIRECTLY.
# yarn lockfile v1


"@fortawesome/fontawesome-common-types@^0.2.30":
  version "0.2.30"
  resolved "https://registry.yarnpkg.com/@fortawesome/fontawesome-common-types/-/fontawesome-common-types-0.2.30.tgz#2f1cc5b46bd76723be41d0013a8450c9ba92b777"
  integrity sha512-TsRwpTuKwFNiPhk1UfKgw7zNPeV5RhNp2Uw3pws+9gDAkPGKrtjR1y2lI3SYn7+YzyfuNknflpBA1LRKjt7hMg==

"@fortawesome/free-solid-svg-icons@^5.14.0":
  version "5.14.0"
  resolved "https://registry.yarnpkg.com/@fortawesome/free-solid-svg-icons/-/free-solid-svg-icons-5.14.0.tgz#970453f5e8c4915ad57856c3a0252ac63f6fec18"
  integrity sha512-M933RDM8cecaKMWDSk3FRYdnzWGW7kBBlGNGfvqLVwcwhUPNj9gcw+xZMrqBdRqxnSXdl3zWzTCNNGEtFUq67Q==
  dependencies:
    "@fortawesome/fontawesome-common-types" "^0.2.30"

axios@^0.20.0:
  version "0.20.0"
  resolved "https://registry.yarnpkg.com/axios/-/axios-0.20.0.tgz#057ba30f04884694993a8cd07fa394cff11c50bd"
  integrity sha512-ANA4rr2BDcmmAQLOKft2fufrtuvlqR+cXNNinUmvfeSNCOF98PZL+7M/v1zIdGo7OLjEA9J2gXJL+j4zGsl0bA==
  dependencies:
    follow-redirects "^1.10.0"

follow-redirects@^1.10.0:
  version "1.13.0"
  resolved "https://registry.yarnpkg.com/follow-redirects/-/follow-redirects-1.13.0.tgz#b42e8d93a2a7eea5ed88633676d6597bc8e384db"
  integrity sha512-aq6gF1BEKje4a9i9+5jimNFIpq4Q1WiwBToeRK5NvZBd/TRsmW8BsJfOEGkr76TbOyPVD3OVDN910EcUNtRYEA==

svelte-awesome@^2.3.0:
  version "2.3.0"
  resolved "https://registry.yarnpkg.com/svelte-awesome/-/svelte-awesome-2.3.0.tgz#03735c1ba1940e931c41271a5ebf72e2ae9e292c"
  integrity sha512-xXU3XYJmr5PK9e3pCpW6feU/tNpAhERWDrgDxkC0DU6LNum02zzc00I17bmUWTSRdKLf+IFbA5hWvCm1V8g+/A==
  dependencies:
    svelte "^3.15.0"

svelte-class-transition@^1.0.4:
  version "1.0.4"
  resolved "https://registry.yarnpkg.com/svelte-class-transition/-/svelte-class-transition-1.0.4.tgz#dae7eb9cc45ff5fd429b187136e75c87ec4beeb5"
  integrity sha512-00Rs6Ft5V9v4aqHIZKZHY2/OUQjFSNBXtG53ped3SEyl0kYiOyXu/16Ro3xsKMyaU4/xppoL8ef5uPoSP+BNPw==

svelte@^3.15.0, svelte@^3.25.0:
  version "3.25.0"
  resolved "https://registry.yarnpkg.com/svelte/-/svelte-3.25.0.tgz#e7f89d11a2223ac02d29f75f82b2a9cca7fd7a54"
  integrity sha512-CUfq+YTC5Q0tBg7Q9X/QxNutdEYp7ogdbcTZF3mrowOlp3+OF1ZexHwI0Io2VqFSDxht7TlA2lTIQC4RnhR1MQ==
